// !$*UTF8*$!
{
	archiveVersion = 1;
	classes = {
	};
	objectVersion = 56;
	objects = {

/* Begin PBXBuildFile section */
		FF0BF9972CD44A8D007BD0EB /* DetailVM.swift in Sources */ = {isa = PBXBuildFile; fileRef = FF0BF9962CD44A8D007BD0EB /* DetailVM.swift */; };
		FF0BF9992CD44C35007BD0EB /* DetailView.swift in Sources */ = {isa = PBXBuildFile; fileRef = FF0BF9982CD44C35007BD0EB /* DetailView.swift */; };
		FF29D4B52CD3A23100228653 /* HeroWikiApp.swift in Sources */ = {isa = PBXBuildFile; fileRef = FF29D4B42CD3A23100228653 /* HeroWikiApp.swift */; };
		FF29D4B92CD3A23800228653 /* Assets.xcassets in Resources */ = {isa = PBXBuildFile; fileRef = FF29D4B82CD3A23800228653 /* Assets.xcassets */; };
		FF29D4BC2CD3A23800228653 /* Preview Assets.xcassets in Resources */ = {isa = PBXBuildFile; fileRef = FF29D4BB2CD3A23800228653 /* Preview Assets.xcassets */; };
		FF29D4C92CD3A2E700228653 /* komika_info.txt in Resources */ = {isa = PBXBuildFile; fileRef = FF29D4C32CD3A2E700228653 /* komika_info.txt */; };
		FF29D4CA2CD3A2E700228653 /* KomikaAxis.ttf in Resources */ = {isa = PBXBuildFile; fileRef = FF29D4C42CD3A2E700228653 /* KomikaAxis.ttf */; };
		FF29D4CB2CD3A2E700228653 /* badaboom_info.txt in Resources */ = {isa = PBXBuildFile; fileRef = FF29D4C62CD3A2E700228653 /* badaboom_info.txt */; };
		FF29D4CC2CD3A2E700228653 /* BadaBoomBB.ttf in Resources */ = {isa = PBXBuildFile; fileRef = FF29D4C72CD3A2E700228653 /* BadaBoomBB.ttf */; };
		FF29D4D32CD3AA4700228653 /* HomeView.swift in Sources */ = {isa = PBXBuildFile; fileRef = FF29D4D22CD3AA4700228653 /* HomeView.swift */; };
		FF29D4D52CD3CAEC00228653 /* Wrapper.swift in Sources */ = {isa = PBXBuildFile; fileRef = FF29D4D42CD3CAEC00228653 /* Wrapper.swift */; };
		FF29D4D72CD3CBC700228653 /* SuperHero.swift in Sources */ = {isa = PBXBuildFile; fileRef = FF29D4D62CD3CBC700228653 /* SuperHero.swift */; };
		FF29D4DE2CD3E19900228653 /* HomeVM.swift in Sources */ = {isa = PBXBuildFile; fileRef = FF29D4DD2CD3E19900228653 /* HomeVM.swift */; };
		FF29D4E02CD3E3F000228653 /* ApiNetwork.swift in Sources */ = {isa = PBXBuildFile; fileRef = FF29D4DF2CD3E3F000228653 /* ApiNetwork.swift */; };
		FF29D4E22CD3E78700228653 /* ErrorCases.swift in Sources */ = {isa = PBXBuildFile; fileRef = FF29D4E12CD3E78700228653 /* ErrorCases.swift */; };
		FF29D4E62CD3F48700228653 /* SuperHeroItem.swift in Sources */ = {isa = PBXBuildFile; fileRef = FF29D4E52CD3F48700228653 /* SuperHeroItem.swift */; };
		FF29D4E92CD3FC1700228653 /* SDWebImageSwiftUI in Frameworks */ = {isa = PBXBuildFile; productRef = FF29D4E82CD3FC1700228653 /* SDWebImageSwiftUI */; };
		FF7BAEA62CD6414A002B592C /* FrameDetail.swift in Sources */ = {isa = PBXBuildFile; fileRef = FF7BAEA52CD64149002B592C /* FrameDetail.swift */; };
		FF7BAEA82CD64192002B592C /* ItemFrameDetail.swift in Sources */ = {isa = PBXBuildFile; fileRef = FF7BAEA72CD64192002B592C /* ItemFrameDetail.swift */; };
		FF7BAEAA2CD641DC002B592C /* TitleFrameDetail.swift in Sources */ = {isa = PBXBuildFile; fileRef = FF7BAEA92CD641DC002B592C /* TitleFrameDetail.swift */; };
		FF7BAEAC2CD641FE002B592C /* TitleDetail.swift in Sources */ = {isa = PBXBuildFile; fileRef = FF7BAEAB2CD641FE002B592C /* TitleDetail.swift */; };
		FF7BAEAE2CD64214002B592C /* PowerstatsField.swift in Sources */ = {isa = PBXBuildFile; fileRef = FF7BAEAD2CD64214002B592C /* PowerstatsField.swift */; };
		FF7BAEB62CD67148002B592C /* HeroWikiTests.swift in Sources */ = {isa = PBXBuildFile; fileRef = FF7BAEB52CD67148002B592C /* HeroWikiTests.swift */; };
/* End PBXBuildFile section */

/* Begin PBXContainerItemProxy section */
		FF7BAEB72CD67149002B592C /* PBXContainerItemProxy */ = {
			isa = PBXContainerItemProxy;
			containerPortal = FF29D4A92CD3A23000228653 /* Project object */;
			proxyType = 1;
			remoteGlobalIDString = FF29D4B02CD3A23000228653;
			remoteInfo = HeroWiki;
		};
/* End PBXContainerItemProxy section */

/* Begin PBXFileReference section */
		FF0BF9962CD44A8D007BD0EB /* DetailVM.swift */ = {isa = PBXFileReference; lastKnownFileType = sourcecode.swift; path = DetailVM.swift; sourceTree = "<group>"; };
		FF0BF9982CD44C35007BD0EB /* DetailView.swift */ = {isa = PBXFileReference; lastKnownFileType = sourcecode.swift; path = DetailView.swift; sourceTree = "<group>"; };
		FF29D4B12CD3A23000228653 /* HeroWiki.app */ = {isa = PBXFileReference; explicitFileType = wrapper.application; includeInIndex = 0; path = HeroWiki.app; sourceTree = BUILT_PRODUCTS_DIR; };
		FF29D4B42CD3A23100228653 /* HeroWikiApp.swift */ = {isa = PBXFileReference; lastKnownFileType = sourcecode.swift; path = HeroWikiApp.swift; sourceTree = "<group>"; };
		FF29D4B82CD3A23800228653 /* Assets.xcassets */ = {isa = PBXFileReference; lastKnownFileType = folder.assetcatalog; path = Assets.xcassets; sourceTree = "<group>"; };
		FF29D4BB2CD3A23800228653 /* Preview Assets.xcassets */ = {isa = PBXFileReference; lastKnownFileType = folder.assetcatalog; path = "Preview Assets.xcassets"; sourceTree = "<group>"; };
		FF29D4C32CD3A2E700228653 /* komika_info.txt */ = {isa = PBXFileReference; fileEncoding = 4; lastKnownFileType = text; path = komika_info.txt; sourceTree = "<group>"; };
		FF29D4C42CD3A2E700228653 /* KomikaAxis.ttf */ = {isa = PBXFileReference; lastKnownFileType = file; path = KomikaAxis.ttf; sourceTree = "<group>"; };
		FF29D4C62CD3A2E700228653 /* badaboom_info.txt */ = {isa = PBXFileReference; fileEncoding = 4; lastKnownFileType = text; path = badaboom_info.txt; sourceTree = "<group>"; };
		FF29D4C72CD3A2E700228653 /* BadaBoomBB.ttf */ = {isa = PBXFileReference; lastKnownFileType = file; path = BadaBoomBB.ttf; sourceTree = "<group>"; };
		FF29D4CD2CD3A32800228653 /* Info.plist */ = {isa = PBXFileReference; lastKnownFileType = text.plist.xml; path = Info.plist; sourceTree = "<group>"; };
		FF29D4D22CD3AA4700228653 /* HomeView.swift */ = {isa = PBXFileReference; lastKnownFileType = sourcecode.swift; path = HomeView.swift; sourceTree = "<group>"; };
		FF29D4D42CD3CAEC00228653 /* Wrapper.swift */ = {isa = PBXFileReference; lastKnownFileType = sourcecode.swift; path = Wrapper.swift; sourceTree = "<group>"; };
		FF29D4D62CD3CBC700228653 /* SuperHero.swift */ = {isa = PBXFileReference; lastKnownFileType = sourcecode.swift; path = SuperHero.swift; sourceTree = "<group>"; };
		FF29D4DD2CD3E19900228653 /* HomeVM.swift */ = {isa = PBXFileReference; lastKnownFileType = sourcecode.swift; path = HomeVM.swift; sourceTree = "<group>"; };
		FF29D4DF2CD3E3F000228653 /* ApiNetwork.swift */ = {isa = PBXFileReference; lastKnownFileType = sourcecode.swift; path = ApiNetwork.swift; sourceTree = "<group>"; };
		FF29D4E12CD3E78700228653 /* ErrorCases.swift */ = {isa = PBXFileReference; lastKnownFileType = sourcecode.swift; path = ErrorCases.swift; sourceTree = "<group>"; };
		FF29D4E52CD3F48700228653 /* SuperHeroItem.swift */ = {isa = PBXFileReference; lastKnownFileType = sourcecode.swift; path = SuperHeroItem.swift; sourceTree = "<group>"; };
		FF7BAEA52CD64149002B592C /* FrameDetail.swift */ = {isa = PBXFileReference; lastKnownFileType = sourcecode.swift; path = FrameDetail.swift; sourceTree = "<group>"; };
		FF7BAEA72CD64192002B592C /* ItemFrameDetail.swift */ = {isa = PBXFileReference; lastKnownFileType = sourcecode.swift; path = ItemFrameDetail.swift; sourceTree = "<group>"; };
		FF7BAEA92CD641DC002B592C /* TitleFrameDetail.swift */ = {isa = PBXFileReference; lastKnownFileType = sourcecode.swift; path = TitleFrameDetail.swift; sourceTree = "<group>"; };
		FF7BAEAB2CD641FE002B592C /* TitleDetail.swift */ = {isa = PBXFileReference; lastKnownFileType = sourcecode.swift; path = TitleDetail.swift; sourceTree = "<group>"; };
		FF7BAEAD2CD64214002B592C /* PowerstatsField.swift */ = {isa = PBXFileReference; lastKnownFileType = sourcecode.swift; path = PowerstatsField.swift; sourceTree = "<group>"; };
		FF7BAEB32CD67148002B592C /* HeroWikiTests.xctest */ = {isa = PBXFileReference; explicitFileType = wrapper.cfbundle; includeInIndex = 0; path = HeroWikiTests.xctest; sourceTree = BUILT_PRODUCTS_DIR; };
		FF7BAEB52CD67148002B592C /* HeroWikiTests.swift */ = {isa = PBXFileReference; lastKnownFileType = sourcecode.swift; path = HeroWikiTests.swift; sourceTree = "<group>"; };
/* End PBXFileReference section */

/* Begin PBXFrameworksBuildPhase section */
		FF29D4AE2CD3A23000228653 /* Frameworks */ = {
			isa = PBXFrameworksBuildPhase;
			buildActionMask = 2147483647;
			files = (
				FF29D4E92CD3FC1700228653 /* SDWebImageSwiftUI in Frameworks */,
			);
			runOnlyForDeploymentPostprocessing = 0;
		};
		FF7BAEB02CD67148002B592C /* Frameworks */ = {
			isa = PBXFrameworksBuildPhase;
			buildActionMask = 2147483647;
			files = (
			);
			runOnlyForDeploymentPostprocessing = 0;
		};
/* End PBXFrameworksBuildPhase section */

/* Begin PBXGroup section */
		FF0BF9932CD44A2B007BD0EB /* Detail */ = {
			isa = PBXGroup;
			children = (
				FF0BF9942CD44A46007BD0EB /* View */,
				FF0BF9952CD44A59007BD0EB /* ViewModel */,
			);
			path = Detail;
			sourceTree = "<group>";
		};
		FF0BF9942CD44A46007BD0EB /* View */ = {
			isa = PBXGroup;
			children = (
				FF0BF9982CD44C35007BD0EB /* DetailView.swift */,
				FF7BAEA92CD641DC002B592C /* TitleFrameDetail.swift */,
				FF7BAEA52CD64149002B592C /* FrameDetail.swift */,
				FF7BAEA72CD64192002B592C /* ItemFrameDetail.swift */,
				FF7BAEAB2CD641FE002B592C /* TitleDetail.swift */,
				FF7BAEAD2CD64214002B592C /* PowerstatsField.swift */,
			);
			path = View;
			sourceTree = "<group>";
		};
		FF0BF9952CD44A59007BD0EB /* ViewModel */ = {
			isa = PBXGroup;
			children = (
				FF0BF9962CD44A8D007BD0EB /* DetailVM.swift */,
			);
			path = ViewModel;
			sourceTree = "<group>";
		};
		FF29D4A82CD3A23000228653 = {
			isa = PBXGroup;
			children = (
				FF29D4B32CD3A23000228653 /* HeroWiki */,
				FF7BAEB42CD67148002B592C /* HeroWikiTests */,
				FF29D4B22CD3A23000228653 /* Products */,
			);
			sourceTree = "<group>";
		};
		FF29D4B22CD3A23000228653 /* Products */ = {
			isa = PBXGroup;
			children = (
				FF29D4B12CD3A23000228653 /* HeroWiki.app */,
				FF7BAEB32CD67148002B592C /* HeroWikiTests.xctest */,
			);
			name = Products;
			sourceTree = "<group>";
		};
		FF29D4B32CD3A23000228653 /* HeroWiki */ = {
			isa = PBXGroup;
			children = (
				FF29D4D82CD3CC5800228653 /* Network */,
				FF29D4C22CD3A2A600228653 /* Fonts */,
				FF29D4CE2CD3A9BB00228653 /* Home */,
				FF0BF9932CD44A2B007BD0EB /* Detail */,
				FF29D4CD2CD3A32800228653 /* Info.plist */,
				FF29D4B42CD3A23100228653 /* HeroWikiApp.swift */,
				FF29D4B82CD3A23800228653 /* Assets.xcassets */,
				FF29D4BA2CD3A23800228653 /* Preview Content */,
			);
			path = HeroWiki;
			sourceTree = "<group>";
		};
		FF29D4BA2CD3A23800228653 /* Preview Content */ = {
			isa = PBXGroup;
			children = (
				FF29D4BB2CD3A23800228653 /* Preview Assets.xcassets */,
			);
			path = "Preview Content";
			sourceTree = "<group>";
		};
		FF29D4C22CD3A2A600228653 /* Fonts */ = {
			isa = PBXGroup;
			children = (
				FF29D4C82CD3A2E700228653 /* badaboom */,
				FF29D4C52CD3A2E700228653 /* komika */,
			);
			path = Fonts;
			sourceTree = "<group>";
		};
		FF29D4C52CD3A2E700228653 /* komika */ = {
			isa = PBXGroup;
			children = (
				FF29D4C32CD3A2E700228653 /* komika_info.txt */,
				FF29D4C42CD3A2E700228653 /* KomikaAxis.ttf */,
			);
			path = komika;
			sourceTree = "<group>";
		};
		FF29D4C82CD3A2E700228653 /* badaboom */ = {
			isa = PBXGroup;
			children = (
				FF29D4C62CD3A2E700228653 /* badaboom_info.txt */,
				FF29D4C72CD3A2E700228653 /* BadaBoomBB.ttf */,
			);
			path = badaboom;
			sourceTree = "<group>";
		};
		FF29D4CE2CD3A9BB00228653 /* Home */ = {
			isa = PBXGroup;
			children = (
				FF29D4D12CD3A9D200228653 /* Model */,
				FF29D4CF2CD3A9C500228653 /* View */,
				FF29D4D02CD3A9CB00228653 /* ViewModel */,
			);
			path = Home;
			sourceTree = "<group>";
		};
		FF29D4CF2CD3A9C500228653 /* View */ = {
			isa = PBXGroup;
			children = (
				FF29D4D22CD3AA4700228653 /* HomeView.swift */,
				FF29D4E52CD3F48700228653 /* SuperHeroItem.swift */,
			);
			path = View;
			sourceTree = "<group>";
		};
		FF29D4D02CD3A9CB00228653 /* ViewModel */ = {
			isa = PBXGroup;
			children = (
				FF29D4DD2CD3E19900228653 /* HomeVM.swift */,
			);
			path = ViewModel;
			sourceTree = "<group>";
		};
		FF29D4D12CD3A9D200228653 /* Model */ = {
			isa = PBXGroup;
			children = (
				FF29D4D42CD3CAEC00228653 /* Wrapper.swift */,
				FF29D4D62CD3CBC700228653 /* SuperHero.swift */,
			);
			path = Model;
			sourceTree = "<group>";
		};
		FF29D4D82CD3CC5800228653 /* Network */ = {
			isa = PBXGroup;
			children = (
				FF29D4DF2CD3E3F000228653 /* ApiNetwork.swift */,
				FF29D4E12CD3E78700228653 /* ErrorCases.swift */,
			);
			path = Network;
			sourceTree = "<group>";
		};
		FF7BAEB42CD67148002B592C /* HeroWikiTests */ = {
			isa = PBXGroup;
			children = (
				FF7BAEB52CD67148002B592C /* HeroWikiTests.swift */,
			);
			path = HeroWikiTests;
			sourceTree = "<group>";
		};
/* End PBXGroup section */

/* Begin PBXNativeTarget section */
		FF29D4B02CD3A23000228653 /* HeroWiki */ = {
			isa = PBXNativeTarget;
			buildConfigurationList = FF29D4BF2CD3A23800228653 /* Build configuration list for PBXNativeTarget "HeroWiki" */;
			buildPhases = (
				FF29D4AD2CD3A23000228653 /* Sources */,
				FF29D4AE2CD3A23000228653 /* Frameworks */,
				FF29D4AF2CD3A23000228653 /* Resources */,
			);
			buildRules = (
			);
			dependencies = (
			);
			name = HeroWiki;
			packageProductDependencies = (
				FF29D4E82CD3FC1700228653 /* SDWebImageSwiftUI */,
			);
			productName = HeroWiki;
			productReference = FF29D4B12CD3A23000228653 /* HeroWiki.app */;
			productType = "com.apple.product-type.application";
		};
		FF7BAEB22CD67148002B592C /* HeroWikiTests */ = {
			isa = PBXNativeTarget;
			buildConfigurationList = FF7BAEB92CD67149002B592C /* Build configuration list for PBXNativeTarget "HeroWikiTests" */;
			buildPhases = (
				FF7BAEAF2CD67148002B592C /* Sources */,
				FF7BAEB02CD67148002B592C /* Frameworks */,
				FF7BAEB12CD67148002B592C /* Resources */,
			);
			buildRules = (
			);
			dependencies = (
				FF7BAEB82CD67149002B592C /* PBXTargetDependency */,
			);
			name = HeroWikiTests;
			productName = HeroWikiTests;
			productReference = FF7BAEB32CD67148002B592C /* HeroWikiTests.xctest */;
			productType = "com.apple.product-type.bundle.unit-test";
		};
/* End PBXNativeTarget section */

/* Begin PBXProject section */
		FF29D4A92CD3A23000228653 /* Project object */ = {
			isa = PBXProject;
			attributes = {
				BuildIndependentTargetsInParallel = 1;
				LastSwiftUpdateCheck = 1540;
				LastUpgradeCheck = 1540;
				TargetAttributes = {
					FF29D4B02CD3A23000228653 = {
						CreatedOnToolsVersion = 15.4;
					};
					FF7BAEB22CD67148002B592C = {
						CreatedOnToolsVersion = 15.4;
						TestTargetID = FF29D4B02CD3A23000228653;
					};
				};
			};
			buildConfigurationList = FF29D4AC2CD3A23000228653 /* Build configuration list for PBXProject "HeroWiki" */;
			compatibilityVersion = "Xcode 14.0";
			developmentRegion = en;
			hasScannedForEncodings = 0;
			knownRegions = (
				en,
				Base,
			);
			mainGroup = FF29D4A82CD3A23000228653;
			packageReferences = (
				FF29D4E72CD3FC1600228653 /* XCRemoteSwiftPackageReference "SDWebImageSwiftUI" */,
			);
			productRefGroup = FF29D4B22CD3A23000228653 /* Products */;
			projectDirPath = "";
			projectRoot = "";
			targets = (
				FF29D4B02CD3A23000228653 /* HeroWiki */,
				FF7BAEB22CD67148002B592C /* HeroWikiTests */,
			);
		};
/* End PBXProject section */

/* Begin PBXResourcesBuildPhase section */
		FF29D4AF2CD3A23000228653 /* Resources */ = {
			isa = PBXResourcesBuildPhase;
			buildActionMask = 2147483647;
			files = (
				FF29D4C92CD3A2E700228653 /* komika_info.txt in Resources */,
				FF29D4BC2CD3A23800228653 /* Preview Assets.xcassets in Resources */,
				FF29D4CA2CD3A2E700228653 /* KomikaAxis.ttf in Resources */,
				FF29D4CB2CD3A2E700228653 /* badaboom_info.txt in Resources */,
				FF29D4B92CD3A23800228653 /* Assets.xcassets in Resources */,
				FF29D4CC2CD3A2E700228653 /* BadaBoomBB.ttf in Resources */,
			);
			runOnlyForDeploymentPostprocessing = 0;
		};
		FF7BAEB12CD67148002B592C /* Resources */ = {
			isa = PBXResourcesBuildPhase;
			buildActionMask = 2147483647;
			files = (
			);
			runOnlyForDeploymentPostprocessing = 0;
		};
/* End PBXResourcesBuildPhase section */

/* Begin PBXSourcesBuildPhase section */
		FF29D4AD2CD3A23000228653 /* Sources */ = {
			isa = PBXSourcesBuildPhase;
			buildActionMask = 2147483647;
			files = (
				FF29D4D32CD3AA4700228653 /* HomeView.swift in Sources */,
				FF7BAEA82CD64192002B592C /* ItemFrameDetail.swift in Sources */,
				FF29D4E22CD3E78700228653 /* ErrorCases.swift in Sources */,
				FF29D4E62CD3F48700228653 /* SuperHeroItem.swift in Sources */,
				FF0BF9992CD44C35007BD0EB /* DetailView.swift in Sources */,
				FF29D4B52CD3A23100228653 /* HeroWikiApp.swift in Sources */,
				FF7BAEA62CD6414A002B592C /* FrameDetail.swift in Sources */,
				FF29D4D52CD3CAEC00228653 /* Wrapper.swift in Sources */,
				FF7BAEAE2CD64214002B592C /* PowerstatsField.swift in Sources */,
				FF29D4DE2CD3E19900228653 /* HomeVM.swift in Sources */,
				FF7BAEAC2CD641FE002B592C /* TitleDetail.swift in Sources */,
				FF29D4D72CD3CBC700228653 /* SuperHero.swift in Sources */,
				FF0BF9972CD44A8D007BD0EB /* DetailVM.swift in Sources */,
				FF29D4E02CD3E3F000228653 /* ApiNetwork.swift in Sources */,
				FF7BAEAA2CD641DC002B592C /* TitleFrameDetail.swift in Sources */,
			);
			runOnlyForDeploymentPostprocessing = 0;
		};
		FF7BAEAF2CD67148002B592C /* Sources */ = {
			isa = PBXSourcesBuildPhase;
			buildActionMask = 2147483647;
			files = (
				FF7BAEB62CD67148002B592C /* HeroWikiTests.swift in Sources */,
			);
			runOnlyForDeploymentPostprocessing = 0;
		};
/* End PBXSourcesBuildPhase section */

/* Begin PBXTargetDependency section */
		FF7BAEB82CD67149002B592C /* PBXTargetDependency */ = {
			isa = PBXTargetDependency;
			target = FF29D4B02CD3A23000228653 /* HeroWiki */;
			targetProxy = FF7BAEB72CD67149002B592C /* PBXContainerItemProxy */;
		};
/* End PBXTargetDependency section */

/* Begin XCBuildConfiguration section */
		FF29D4BD2CD3A23800228653 /* Debug */ = {
			isa = XCBuildConfiguration;
			buildSettings = {
				ALWAYS_SEARCH_USER_PATHS = NO;
				ASSETCATALOG_COMPILER_GENERATE_SWIFT_ASSET_SYMBOL_EXTENSIONS = YES;
				CLANG_ANALYZER_NONNULL = YES;
				CLANG_ANALYZER_NUMBER_OBJECT_CONVERSION = YES_AGGRESSIVE;
				CLANG_CXX_LANGUAGE_STANDARD = "gnu++20";
				CLANG_ENABLE_MODULES = YES;
				CLANG_ENABLE_OBJC_ARC = YES;
				CLANG_ENABLE_OBJC_WEAK = YES;
				CLANG_WARN_BLOCK_CAPTURE_AUTORELEASING = YES;
				CLANG_WARN_BOOL_CONVERSION = YES;
				CLANG_WARN_COMMA = YES;
				CLANG_WARN_CONSTANT_CONVERSION = YES;
				CLANG_WARN_DEPRECATED_OBJC_IMPLEMENTATIONS = YES;
				CLANG_WARN_DIRECT_OBJC_ISA_USAGE = YES_ERROR;
				CLANG_WARN_DOCUMENTATION_COMMENTS = YES;
				CLANG_WARN_EMPTY_BODY = YES;
				CLANG_WARN_ENUM_CONVERSION = YES;
				CLANG_WARN_INFINITE_RECURSION = YES;
				CLANG_WARN_INT_CONVERSION = YES;
				CLANG_WARN_NON_LITERAL_NULL_CONVERSION = YES;
				CLANG_WARN_OBJC_IMPLICIT_RETAIN_SELF = YES;
				CLANG_WARN_OBJC_LITERAL_CONVERSION = YES;
				CLANG_WARN_OBJC_ROOT_CLASS = YES_ERROR;
				CLANG_WARN_QUOTED_INCLUDE_IN_FRAMEWORK_HEADER = YES;
				CLANG_WARN_RANGE_LOOP_ANALYSIS = YES;
				CLANG_WARN_STRICT_PROTOTYPES = YES;
				CLANG_WARN_SUSPICIOUS_MOVE = YES;
				CLANG_WARN_UNGUARDED_AVAILABILITY = YES_AGGRESSIVE;
				CLANG_WARN_UNREACHABLE_CODE = YES;
				CLANG_WARN__DUPLICATE_METHOD_MATCH = YES;
				COPY_PHASE_STRIP = NO;
				DEBUG_INFORMATION_FORMAT = dwarf;
				ENABLE_STRICT_OBJC_MSGSEND = YES;
				ENABLE_TESTABILITY = YES;
				ENABLE_USER_SCRIPT_SANDBOXING = YES;
				GCC_C_LANGUAGE_STANDARD = gnu17;
				GCC_DYNAMIC_NO_PIC = NO;
				GCC_NO_COMMON_BLOCKS = YES;
				GCC_OPTIMIZATION_LEVEL = 0;
				GCC_PREPROCESSOR_DEFINITIONS = (
					"DEBUG=1",
					"$(inherited)",
				);
				GCC_WARN_64_TO_32_BIT_CONVERSION = YES;
				GCC_WARN_ABOUT_RETURN_TYPE = YES_ERROR;
				GCC_WARN_UNDECLARED_SELECTOR = YES;
				GCC_WARN_UNINITIALIZED_AUTOS = YES_AGGRESSIVE;
				GCC_WARN_UNUSED_FUNCTION = YES;
				GCC_WARN_UNUSED_VARIABLE = YES;
				IPHONEOS_DEPLOYMENT_TARGET = 17.5;
				LOCALIZATION_PREFERS_STRING_CATALOGS = YES;
				MTL_ENABLE_DEBUG_INFO = INCLUDE_SOURCE;
				MTL_FAST_MATH = YES;
				ONLY_ACTIVE_ARCH = YES;
				SDKROOT = iphoneos;
				SWIFT_ACTIVE_COMPILATION_CONDITIONS = "DEBUG $(inherited)";
				SWIFT_OPTIMIZATION_LEVEL = "-Onone";
			};
			name = Debug;
		};
		FF29D4BE2CD3A23800228653 /* Release */ = {
			isa = XCBuildConfiguration;
			buildSettings = {
				ALWAYS_SEARCH_USER_PATHS = NO;
				ASSETCATALOG_COMPILER_GENERATE_SWIFT_ASSET_SYMBOL_EXTENSIONS = YES;
				CLANG_ANALYZER_NONNULL = YES;
				CLANG_ANALYZER_NUMBER_OBJECT_CONVERSION = YES_AGGRESSIVE;
				CLANG_CXX_LANGUAGE_STANDARD = "gnu++20";
				CLANG_ENABLE_MODULES = YES;
				CLANG_ENABLE_OBJC_ARC = YES;
				CLANG_ENABLE_OBJC_WEAK = YES;
				CLANG_WARN_BLOCK_CAPTURE_AUTORELEASING = YES;
				CLANG_WARN_BOOL_CONVERSION = YES;
				CLANG_WARN_COMMA = YES;
				CLANG_WARN_CONSTANT_CONVERSION = YES;
				CLANG_WARN_DEPRECATED_OBJC_IMPLEMENTATIONS = YES;
				CLANG_WARN_DIRECT_OBJC_ISA_USAGE = YES_ERROR;
				CLANG_WARN_DOCUMENTATION_COMMENTS = YES;
				CLANG_WARN_EMPTY_BODY = YES;
				CLANG_WARN_ENUM_CONVERSION = YES;
				CLANG_WARN_INFINITE_RECURSION = YES;
				CLANG_WARN_INT_CONVERSION = YES;
				CLANG_WARN_NON_LITERAL_NULL_CONVERSION = YES;
				CLANG_WARN_OBJC_IMPLICIT_RETAIN_SELF = YES;
				CLANG_WARN_OBJC_LITERAL_CONVERSION = YES;
				CLANG_WARN_OBJC_ROOT_CLASS = YES_ERROR;
				CLANG_WARN_QUOTED_INCLUDE_IN_FRAMEWORK_HEADER = YES;
				CLANG_WARN_RANGE_LOOP_ANALYSIS = YES;
				CLANG_WARN_STRICT_PROTOTYPES = YES;
				CLANG_WARN_SUSPICIOUS_MOVE = YES;
				CLANG_WARN_UNGUARDED_AVAILABILITY = YES_AGGRESSIVE;
				CLANG_WARN_UNREACHABLE_CODE = YES;
				CLANG_WARN__DUPLICATE_METHOD_MATCH = YES;
				COPY_PHASE_STRIP = NO;
				DEBUG_INFORMATION_FORMAT = "dwarf-with-dsym";
				ENABLE_NS_ASSERTIONS = NO;
				ENABLE_STRICT_OBJC_MSGSEND = YES;
				ENABLE_USER_SCRIPT_SANDBOXING = YES;
				GCC_C_LANGUAGE_STANDARD = gnu17;
				GCC_NO_COMMON_BLOCKS = YES;
				GCC_WARN_64_TO_32_BIT_CONVERSION = YES;
				GCC_WARN_ABOUT_RETURN_TYPE = YES_ERROR;
				GCC_WARN_UNDECLARED_SELECTOR = YES;
				GCC_WARN_UNINITIALIZED_AUTOS = YES_AGGRESSIVE;
				GCC_WARN_UNUSED_FUNCTION = YES;
				GCC_WARN_UNUSED_VARIABLE = YES;
				IPHONEOS_DEPLOYMENT_TARGET = 17.5;
				LOCALIZATION_PREFERS_STRING_CATALOGS = YES;
				MTL_ENABLE_DEBUG_INFO = NO;
				MTL_FAST_MATH = YES;
				SDKROOT = iphoneos;
				SWIFT_COMPILATION_MODE = wholemodule;
				VALIDATE_PRODUCT = YES;
			};
			name = Release;
		};
		FF29D4C02CD3A23800228653 /* Debug */ = {
			isa = XCBuildConfiguration;
			buildSettings = {
				ASSETCATALOG_COMPILER_APPICON_NAME = AppIcon;
				ASSETCATALOG_COMPILER_GLOBAL_ACCENT_COLOR_NAME = AccentColor;
				CODE_SIGN_STYLE = Automatic;
				CURRENT_PROJECT_VERSION = 1;
				DEVELOPMENT_ASSET_PATHS = "\"HeroWiki/Preview Content\"";
				ENABLE_PREVIEWS = YES;
				GENERATE_INFOPLIST_FILE = YES;
				INFOPLIST_FILE = HeroWiki/Info.plist;
				INFOPLIST_KEY_UIApplicationSceneManifest_Generation = YES;
				INFOPLIST_KEY_UIApplicationSupportsIndirectInputEvents = YES;
				INFOPLIST_KEY_UILaunchScreen_Generation = YES;
				INFOPLIST_KEY_UISupportedInterfaceOrientations_iPad = "UIInterfaceOrientationPortrait UIInterfaceOrientationPortraitUpsideDown UIInterfaceOrientationLandscapeLeft UIInterfaceOrientationLandscapeRight";
				INFOPLIST_KEY_UISupportedInterfaceOrientations_iPhone = "UIInterfaceOrientationPortrait UIInterfaceOrientationLandscapeLeft UIInterfaceOrientationLandscapeRight";
				LD_RUNPATH_SEARCH_PATHS = (
					"$(inherited)",
					"@executable_path/Frameworks",
				);
				MARKETING_VERSION = 1.0;
				PRODUCT_BUNDLE_IDENTIFIER = com.audydev.HeroWiki;
				PRODUCT_NAME = "$(TARGET_NAME)";
				SWIFT_EMIT_LOC_STRINGS = YES;
				SWIFT_VERSION = 5.0;
				TARGETED_DEVICE_FAMILY = "1,2";
			};
			name = Debug;
		};
		FF29D4C12CD3A23800228653 /* Release */ = {
			isa = XCBuildConfiguration;
			buildSettings = {
				ASSETCATALOG_COMPILER_APPICON_NAME = AppIcon;
				ASSETCATALOG_COMPILER_GLOBAL_ACCENT_COLOR_NAME = AccentColor;
				CODE_SIGN_STYLE = Automatic;
				CURRENT_PROJECT_VERSION = 1;
				DEVELOPMENT_ASSET_PATHS = "\"HeroWiki/Preview Content\"";
				ENABLE_PREVIEWS = YES;
				GENERATE_INFOPLIST_FILE = YES;
				INFOPLIST_FILE = HeroWiki/Info.plist;
				INFOPLIST_KEY_UIApplicationSceneManifest_Generation = YES;
				INFOPLIST_KEY_UIApplicationSupportsIndirectInputEvents = YES;
				INFOPLIST_KEY_UILaunchScreen_Generation = YES;
				INFOPLIST_KEY_UISupportedInterfaceOrientations_iPad = "UIInterfaceOrientationPortrait UIInterfaceOrientationPortraitUpsideDown UIInterfaceOrientationLandscapeLeft UIInterfaceOrientationLandscapeRight";
				INFOPLIST_KEY_UISupportedInterfaceOrientations_iPhone = "UIInterfaceOrientationPortrait UIInterfaceOrientationLandscapeLeft UIInterfaceOrientationLandscapeRight";
				LD_RUNPATH_SEARCH_PATHS = (
					"$(inherited)",
					"@executable_path/Frameworks",
				);
				MARKETING_VERSION = 1.0;
				PRODUCT_BUNDLE_IDENTIFIER = com.audydev.HeroWiki;
				PRODUCT_NAME = "$(TARGET_NAME)";
				SWIFT_EMIT_LOC_STRINGS = YES;
				SWIFT_VERSION = 5.0;
				TARGETED_DEVICE_FAMILY = "1,2";
			};
			name = Release;
		};
		FF7BAEBA2CD67149002B592C /* Debug */ = {
			isa = XCBuildConfiguration;
			buildSettings = {
				BUNDLE_LOADER = "$(TEST_HOST)";
				CODE_SIGN_STYLE = Automatic;
				CURRENT_PROJECT_VERSION = 1;
				GENERATE_INFOPLIST_FILE = YES;
				MARKETING_VERSION = 1.0;
				PRODUCT_BUNDLE_IDENTIFIER = com.audydev.HeroWikiTests;
				PRODUCT_NAME = "$(TARGET_NAME)";
				SWIFT_EMIT_LOC_STRINGS = NO;
				SWIFT_VERSION = 5.0;
				TARGETED_DEVICE_FAMILY = "1,2";
				TEST_HOST = "$(BUILT_PRODUCTS_DIR)/HeroWiki.app/$(BUNDLE_EXECUTABLE_FOLDER_PATH)/HeroWiki";
			};
			name = Debug;
		};
		FF7BAEBB2CD67149002B592C /* Release */ = {
			isa = XCBuildConfiguration;
			buildSettings = {
				BUNDLE_LOADER = "$(TEST_HOST)";
				CODE_SIGN_STYLE = Automatic;
				CURRENT_PROJECT_VERSION = 1;
				GENERATE_INFOPLIST_FILE = YES;
				MARKETING_VERSION = 1.0;
				PRODUCT_BUNDLE_IDENTIFIER = com.audydev.HeroWikiTests;
				PRODUCT_NAME = "$(TARGET_NAME)";
				SWIFT_EMIT_LOC_STRINGS = NO;
				SWIFT_VERSION = 5.0;
				TARGETED_DEVICE_FAMILY = "1,2";
				TEST_HOST = "$(BUILT_PRODUCTS_DIR)/HeroWiki.app/$(BUNDLE_EXECUTABLE_FOLDER_PATH)/HeroWiki";
			};
			name = Release;
		};
/* End XCBuildConfiguration section */

/* Begin XCConfigurationList section */
		FF29D4AC2CD3A23000228653 /* Build configuration list for PBXProject "HeroWiki" */ = {
			isa = XCConfigurationList;
			buildConfigurations = (
				FF29D4BD2CD3A23800228653 /* Debug */,
				FF29D4BE2CD3A23800228653 /* Release */,
			);
			defaultConfigurationIsVisible = 0;
			defaultConfigurationName = Release;
		};
		FF29D4BF2CD3A23800228653 /* Build configuration list for PBXNativeTarget "HeroWiki" */ = {
			isa = XCConfigurationList;
			buildConfigurations = (
				FF29D4C02CD3A23800228653 /* Debug */,
				FF29D4C12CD3A23800228653 /* Release */,
			);
			defaultConfigurationIsVisible = 0;
			defaultConfigurationName = Release;
		};
		FF7BAEB92CD67149002B592C /* Build configuration list for PBXNativeTarget "HeroWikiTests" */ = {
			isa = XCConfigurationList;
			buildConfigurations = (
				FF7BAEBA2CD67149002B592C /* Debug */,
				FF7BAEBB2CD67149002B592C /* Release */,
			);
			defaultConfigurationIsVisible = 0;
			defaultConfigurationName = Release;
		};
/* End XCConfigurationList section */

/* Begin XCRemoteSwiftPackageReference section */
		FF29D4E72CD3FC1600228653 /* XCRemoteSwiftPackageReference "SDWebImageSwiftUI" */ = {
			isa = XCRemoteSwiftPackageReference;
			repositoryURL = "https://github.com/SDWebImage/SDWebImageSwiftUI";
			requirement = {
				kind = upToNextMajorVersion;
				minimumVersion = 3.1.2;
			};
		};
/* End XCRemoteSwiftPackageReference section */

/* Begin XCSwiftPackageProductDependency section */
		FF29D4E82CD3FC1700228653 /* SDWebImageSwiftUI */ = {
			isa = XCSwiftPackageProductDependency;
			package = FF29D4E72CD3FC1600228653 /* XCRemoteSwiftPackageReference "SDWebImageSwiftUI" */;
			productName = SDWebImageSwiftUI;
		};
/* End XCSwiftPackageProductDependency section */
	};
	rootObject = FF29D4A92CD3A23000228653 /* Project object */;
}
